
Microsoft Visual Studio Solution File, Format Version 12.00
# Visual Studio Version 17
VisualStudioVersion = 17.3.32901.215
MinimumVisualStudioVersion = 10.0.40219.1
Project("{FAE04EC0-301F-11D3-BF4B-00C04F79EFBC}") = "EmptyRecycleBin", "EmptyRecycleBin.csproj", "{95DAD021-DAE7-4E92-97BF-603F9421A63B}"
EndProject
Global
	GlobalSection(SolutionConfigurationPlatforms) = preSolution
		Debug|Any CPU = Debug|Any CPU
		Release|Any CPU = Release|Any CPU
	EndGlobalSection
	GlobalSection(ProjectConfigurationPlatforms) = postSolution
		{95DAD021-DAE7-4E92-97BF-603F9421A63B}.Debug|Any CPU.ActiveCfg = Debug|Any CPU
		{95DAD021-DAE7-4E92-97BF-603F9421A63B}.Debug|Any CPU.Build.0 = Debug|Any CPU
		{95DAD021-DAE7-4E92-97BF-603F9421A63B}.Release|Any CPU.ActiveCfg = Release|Any CPU
		{95DAD021-DAE7-4E92-97BF-603F9421A63B}.Release|Any CPU.Build.0 = Release|Any CPU
	EndGlobalSection
	GlobalSection(SolutionProperties) = preSolution
		HideSolutionNode = FALSE
	EndGlobalSection
	GlobalSection(ExtensibilityGlobals) = postSolution
		SolutionGuid = {0F733B24-6D9E-436D-9D96-2358C93BD801}
	EndGlobalSection
EndGlobal
